# Code generated by scarb DO NOT EDIT.
version = 1

[[package]]
name = "alexandria_storage"
version = "0.3.0"
source = "git+https://github.com/keep-starknet-strange/alexandria.git?rev=98aadc7e3f12dbb026e853604fe2cc061451cc8a#98aadc7e3f12dbb026e853604fe2cc061451cc8a"

[[package]]
name = "metajourney"
version = "0.1.0"
dependencies = [
 "alexandria_storage",
]
